
Microsoft Visual Studio Solution File, Format Version 12.00
# Visual Studio Version 17
VisualStudioVersion = 17.4.33205.214
MinimumVisualStudioVersion = 10.0.40219.1
Project("{FAE04EC0-301F-11D3-BF4B-00C04F79EFBC}") = "RiponR51", "RiponR51\RiponR51.csproj", "{7943F895-55FE-483D-ADB9-977BF7834485}"
EndProject
Global
	GlobalSection(SolutionConfigurationPlatforms) = preSolution
		Debug|Any CPU = Debug|Any CPU
		Release|Any CPU = Release|Any CPU
	EndGlobalSection
	GlobalSection(ProjectConfigurationPlatforms) = postSolution
		{7943F895-55FE-483D-ADB9-977BF7834485}.Debug|Any CPU.ActiveCfg = Debug|Any CPU
		{7943F895-55FE-483D-ADB9-977BF7834485}.Debug|Any CPU.Build.0 = Debug|Any CPU
		{7943F895-55FE-483D-ADB9-977BF7834485}.Release|Any CPU.ActiveCfg = Release|Any CPU
		{7943F895-55FE-483D-ADB9-977BF7834485}.Release|Any CPU.Build.0 = Release|Any CPU
	EndGlobalSection
	GlobalSection(SolutionProperties) = preSolution
		HideSolutionNode = FALSE
	EndGlobalSection
	GlobalSection(ExtensibilityGlobals) = postSolution
		SolutionGuid = {2322A3A7-6E34-4B61-940A-8E09FB5F7B7D}
	EndGlobalSection
EndGlobal
